
Microsoft Visual Studio Solution File, Format Version 12.00
# Visual Studio Version 16
VisualStudioVersion = 16.0.30114.105
MinimumVisualStudioVersion = 10.0.40219.1
Project("{FAE04EC0-301F-11D3-BF4B-00C04F79EFBC}") = "API", "API\API.csproj", "{03F85788-20C6-4C03-86EB-F6DE0B807070}"
EndProject
Project("{FAE04EC0-301F-11D3-BF4B-00C04F79EFBC}") = "Core", "Core\Core.csproj", "{2E20A465-F4CC-4BA9-A385-C65B168A2BEF}"
EndProject
Project("{FAE04EC0-301F-11D3-BF4B-00C04F79EFBC}") = "Infrastructure", "Infrastructure\Infrastructure.csproj", "{0E1C369D-5DF0-4786-86AD-1436B91AC620}"
EndProject
Global
	GlobalSection(SolutionConfigurationPlatforms) = preSolution
		Debug|Any CPU = Debug|Any CPU
		Debug|x64 = Debug|x64
		Debug|x86 = Debug|x86
		Release|Any CPU = Release|Any CPU
		Release|x64 = Release|x64
		Release|x86 = Release|x86
	EndGlobalSection
	GlobalSection(SolutionProperties) = preSolution
		HideSolutionNode = FALSE
	EndGlobalSection
	GlobalSection(ProjectConfigurationPlatforms) = postSolution
		{03F85788-20C6-4C03-86EB-F6DE0B807070}.Debug|Any CPU.ActiveCfg = Debug|Any CPU
		{03F85788-20C6-4C03-86EB-F6DE0B807070}.Debug|Any CPU.Build.0 = Debug|Any CPU
		{03F85788-20C6-4C03-86EB-F6DE0B807070}.Debug|x64.ActiveCfg = Debug|Any CPU
		{03F85788-20C6-4C03-86EB-F6DE0B807070}.Debug|x64.Build.0 = Debug|Any CPU
		{03F85788-20C6-4C03-86EB-F6DE0B807070}.Debug|x86.ActiveCfg = Debug|Any CPU
		{03F85788-20C6-4C03-86EB-F6DE0B807070}.Debug|x86.Build.0 = Debug|Any CPU
		{03F85788-20C6-4C03-86EB-F6DE0B807070}.Release|Any CPU.ActiveCfg = Release|Any CPU
		{03F85788-20C6-4C03-86EB-F6DE0B807070}.Release|Any CPU.Build.0 = Release|Any CPU
		{03F85788-20C6-4C03-86EB-F6DE0B807070}.Release|x64.ActiveCfg = Release|Any CPU
		{03F85788-20C6-4C03-86EB-F6DE0B807070}.Release|x64.Build.0 = Release|Any CPU
		{03F85788-20C6-4C03-86EB-F6DE0B807070}.Release|x86.ActiveCfg = Release|Any CPU
		{03F85788-20C6-4C03-86EB-F6DE0B807070}.Release|x86.Build.0 = Release|Any CPU
		{2E20A465-F4CC-4BA9-A385-C65B168A2BEF}.Debug|Any CPU.ActiveCfg = Debug|Any CPU
		{2E20A465-F4CC-4BA9-A385-C65B168A2BEF}.Debug|Any CPU.Build.0 = Debug|Any CPU
		{2E20A465-F4CC-4BA9-A385-C65B168A2BEF}.Debug|x64.ActiveCfg = Debug|Any CPU
		{2E20A465-F4CC-4BA9-A385-C65B168A2BEF}.Debug|x64.Build.0 = Debug|Any CPU
		{2E20A465-F4CC-4BA9-A385-C65B168A2BEF}.Debug|x86.ActiveCfg = Debug|Any CPU
		{2E20A465-F4CC-4BA9-A385-C65B168A2BEF}.Debug|x86.Build.0 = Debug|Any CPU
		{2E20A465-F4CC-4BA9-A385-C65B168A2BEF}.Release|Any CPU.ActiveCfg = Release|Any CPU
		{2E20A465-F4CC-4BA9-A385-C65B168A2BEF}.Release|Any CPU.Build.0 = Release|Any CPU
		{2E20A465-F4CC-4BA9-A385-C65B168A2BEF}.Release|x64.ActiveCfg = Release|Any CPU
		{2E20A465-F4CC-4BA9-A385-C65B168A2BEF}.Release|x64.Build.0 = Release|Any CPU
		{2E20A465-F4CC-4BA9-A385-C65B168A2BEF}.Release|x86.ActiveCfg = Release|Any CPU
		{2E20A465-F4CC-4BA9-A385-C65B168A2BEF}.Release|x86.Build.0 = Release|Any CPU
		{0E1C369D-5DF0-4786-86AD-1436B91AC620}.Debug|Any CPU.ActiveCfg = Debug|Any CPU
		{0E1C369D-5DF0-4786-86AD-1436B91AC620}.Debug|Any CPU.Build.0 = Debug|Any CPU
		{0E1C369D-5DF0-4786-86AD-1436B91AC620}.Debug|x64.ActiveCfg = Debug|Any CPU
		{0E1C369D-5DF0-4786-86AD-1436B91AC620}.Debug|x64.Build.0 = Debug|Any CPU
		{0E1C369D-5DF0-4786-86AD-1436B91AC620}.Debug|x86.ActiveCfg = Debug|Any CPU
		{0E1C369D-5DF0-4786-86AD-1436B91AC620}.Debug|x86.Build.0 = Debug|Any CPU
		{0E1C369D-5DF0-4786-86AD-1436B91AC620}.Release|Any CPU.ActiveCfg = Release|Any CPU
		{0E1C369D-5DF0-4786-86AD-1436B91AC620}.Release|Any CPU.Build.0 = Release|Any CPU
		{0E1C369D-5DF0-4786-86AD-1436B91AC620}.Release|x64.ActiveCfg = Release|Any CPU
		{0E1C369D-5DF0-4786-86AD-1436B91AC620}.Release|x64.Build.0 = Release|Any CPU
		{0E1C369D-5DF0-4786-86AD-1436B91AC620}.Release|x86.ActiveCfg = Release|Any CPU
		{0E1C369D-5DF0-4786-86AD-1436B91AC620}.Release|x86.Build.0 = Release|Any CPU
	EndGlobalSection
EndGlobal
